
Microsoft Visual Studio Solution File, Format Version 12.00
# Visual Studio 14
VisualStudioVersion = 14.0.25123.0
MinimumVisualStudioVersion = 10.0.40219.1
Project("{2150E333-8FDC-42A3-9474-1A3956D46DE8}") = "src", "src", "{1CBC2174-55B8-4444-8BF6-C460A70753E1}"
EndProject
Project("{2150E333-8FDC-42A3-9474-1A3956D46DE8}") = "Solution Items", "Solution Items", "{2550C502-63B2-44F2-A252-9CAA8FBEC3D9}"
	ProjectSection(SolutionItems) = preProject
		global.json = global.json
	EndProjectSection
EndProject
Project("{8BB2217D-0F2D-49D1-97BC-3654ED321F3B}") = "TheWorld", "src\TheWorld\TheWorld.xproj", "{B4F08986-3C71-42EE-9CBD-71BA713E4927}"
EndProject
Global
	GlobalSection(SolutionConfigurationPlatforms) = preSolution
		Debug|Any CPU = Debug|Any CPU
		Release|Any CPU = Release|Any CPU
	EndGlobalSection
	GlobalSection(ProjectConfigurationPlatforms) = postSolution
		{B4F08986-3C71-42EE-9CBD-71BA713E4927}.Debug|Any CPU.ActiveCfg = Debug|Any CPU
		{B4F08986-3C71-42EE-9CBD-71BA713E4927}.Debug|Any CPU.Build.0 = Debug|Any CPU
		{B4F08986-3C71-42EE-9CBD-71BA713E4927}.Release|Any CPU.ActiveCfg = Release|Any CPU
		{B4F08986-3C71-42EE-9CBD-71BA713E4927}.Release|Any CPU.Build.0 = Release|Any CPU
	EndGlobalSection
	GlobalSection(SolutionProperties) = preSolution
		HideSolutionNode = FALSE
	EndGlobalSection
	GlobalSection(NestedProjects) = preSolution
		{B4F08986-3C71-42EE-9CBD-71BA713E4927} = {1CBC2174-55B8-4444-8BF6-C460A70753E1}
	EndGlobalSection
EndGlobal
